// !$*UTF8*$!
{
	archiveVersion = 1;
	classes = {
	};
	objectVersion = 46;
	objects = {

/* Begin PBXBuildFile section */
		A99DF0211D77FEB300A70A59 /* GPProgressView.h in Headers */ = {isa = PBXBuildFile; fileRef = A99DF0201D77FEB300A70A59 /* GPProgressView.h */; settings = {ATTRIBUTES = (Public, ); }; };
		A99DF0281D77FEB400A70A59 /* GPProgressView.framework in Frameworks */ = {isa = PBXBuildFile; fileRef = A99DF01D1D77FEB300A70A59 /* GPProgressView.framework */; };
		A99DF02D1D77FEB400A70A59 /* GPProgressViewTests.swift in Sources */ = {isa = PBXBuildFile; fileRef = A99DF02C1D77FEB400A70A59 /* GPProgressViewTests.swift */; };
		A99DF0381D77FFDB00A70A59 /* GPProgressView.swift in Sources */ = {isa = PBXBuildFile; fileRef = A99DF0371D77FFDB00A70A59 /* GPProgressView.swift */; };
		A99DF0621D78086200A70A59 /* GPProgressTests.swift in Sources */ = {isa = PBXBuildFile; fileRef = A99DF0611D78086200A70A59 /* GPProgressTests.swift */; };
/* End PBXBuildFile section */

/* Begin PBXContainerItemProxy section */
		A99DF0291D77FEB400A70A59 /* PBXContainerItemProxy */ = {
			isa = PBXContainerItemProxy;
			containerPortal = A99DF0141D77FEB300A70A59 /* Project object */;
			proxyType = 1;
			remoteGlobalIDString = A99DF01C1D77FEB300A70A59;
			remoteInfo = GPProgressView;
		};
/* End PBXContainerItemProxy section */

/* Begin PBXFileReference section */
		A99DF01D1D77FEB300A70A59 /* GPProgressView.framework */ = {isa = PBXFileReference; explicitFileType = wrapper.framework; includeInIndex = 0; path = GPProgressView.framework; sourceTree = BUILT_PRODUCTS_DIR; };
		A99DF0201D77FEB300A70A59 /* GPProgressView.h */ = {isa = PBXFileReference; lastKnownFileType = sourcecode.c.h; path = GPProgressView.h; sourceTree = "<group>"; };
		A99DF0221D77FEB300A70A59 /* Info.plist */ = {isa = PBXFileReference; lastKnownFileType = text.plist.xml; path = Info.plist; sourceTree = "<group>"; };
		A99DF0271D77FEB400A70A59 /* GPProgressViewTests.xctest */ = {isa = PBXFileReference; explicitFileType = wrapper.cfbundle; includeInIndex = 0; path = GPProgressViewTests.xctest; sourceTree = BUILT_PRODUCTS_DIR; };
		A99DF02C1D77FEB400A70A59 /* GPProgressViewTests.swift */ = {isa = PBXFileReference; lastKnownFileType = sourcecode.swift; path = GPProgressViewTests.swift; sourceTree = "<group>"; };
		A99DF02E1D77FEB400A70A59 /* Info.plist */ = {isa = PBXFileReference; lastKnownFileType = text.plist.xml; path = Info.plist; sourceTree = "<group>"; };
		A99DF0371D77FFDB00A70A59 /* GPProgressView.swift */ = {isa = PBXFileReference; fileEncoding = 4; lastKnownFileType = sourcecode.swift; path = GPProgressView.swift; sourceTree = "<group>"; };
		A99DF0611D78086200A70A59 /* GPProgressTests.swift */ = {isa = PBXFileReference; fileEncoding = 4; lastKnownFileType = sourcecode.swift; path = GPProgressTests.swift; sourceTree = "<group>"; };
/* End PBXFileReference section */

/* Begin PBXFrameworksBuildPhase section */
		A99DF0191D77FEB300A70A59 /* Frameworks */ = {
			isa = PBXFrameworksBuildPhase;
			buildActionMask = 2147483647;
			files = (
			);
			runOnlyForDeploymentPostprocessing = 0;
		};
		A99DF0241D77FEB400A70A59 /* Frameworks */ = {
			isa = PBXFrameworksBuildPhase;
			buildActionMask = 2147483647;
			files = (
				A99DF0281D77FEB400A70A59 /* GPProgressView.framework in Frameworks */,
			);
			runOnlyForDeploymentPostprocessing = 0;
		};
/* End PBXFrameworksBuildPhase section */

/* Begin PBXGroup section */
		A99DF0131D77FEB300A70A59 = {
			isa = PBXGroup;
			children = (
				A99DF01F1D77FEB300A70A59 /* GPProgressView */,
				A99DF02B1D77FEB400A70A59 /* GPProgressViewTests */,
				A99DF01E1D77FEB300A70A59 /* Products */,
			);
			sourceTree = "<group>";
		};
		A99DF01E1D77FEB300A70A59 /* Products */ = {
			isa = PBXGroup;
			children = (
				A99DF01D1D77FEB300A70A59 /* GPProgressView.framework */,
				A99DF0271D77FEB400A70A59 /* GPProgressViewTests.xctest */,
			);
			name = Products;
			sourceTree = "<group>";
		};
		A99DF01F1D77FEB300A70A59 /* GPProgressView */ = {
			isa = PBXGroup;
			children = (
				A99DF0201D77FEB300A70A59 /* GPProgressView.h */,
				A99DF0371D77FFDB00A70A59 /* GPProgressView.swift */,
				A99DF0221D77FEB300A70A59 /* Info.plist */,
			);
			path = GPProgressView;
			sourceTree = "<group>";
		};
		A99DF02B1D77FEB400A70A59 /* GPProgressViewTests */ = {
			isa = PBXGroup;
			children = (
				A99DF02C1D77FEB400A70A59 /* GPProgressViewTests.swift */,
				A99DF0611D78086200A70A59 /* GPProgressTests.swift */,
				A99DF02E1D77FEB400A70A59 /* Info.plist */,
			);
			path = GPProgressViewTests;
			sourceTree = "<group>";
		};
/* End PBXGroup section */

/* Begin PBXHeadersBuildPhase section */
		A99DF01A1D77FEB300A70A59 /* Headers */ = {
			isa = PBXHeadersBuildPhase;
			buildActionMask = 2147483647;
			files = (
				A99DF0211D77FEB300A70A59 /* GPProgressView.h in Headers */,
			);
			runOnlyForDeploymentPostprocessing = 0;
		};
/* End PBXHeadersBuildPhase section */

/* Begin PBXNativeTarget section */
		A99DF01C1D77FEB300A70A59 /* GPProgressView */ = {
			isa = PBXNativeTarget;
			buildConfigurationList = A99DF0311D77FEB400A70A59 /* Build configuration list for PBXNativeTarget "GPProgressView" */;
			buildPhases = (
				A99DF0181D77FEB300A70A59 /* Sources */,
				A99DF0191D77FEB300A70A59 /* Frameworks */,
				A99DF01A1D77FEB300A70A59 /* Headers */,
				A99DF01B1D77FEB300A70A59 /* Resources */,
			);
			buildRules = (
			);
			dependencies = (
			);
			name = GPProgressView;
			productName = GPProgressView;
			productReference = A99DF01D1D77FEB300A70A59 /* GPProgressView.framework */;
			productType = "com.apple.product-type.framework";
		};
		A99DF0261D77FEB400A70A59 /* GPProgressViewTests */ = {
			isa = PBXNativeTarget;
			buildConfigurationList = A99DF0341D77FEB400A70A59 /* Build configuration list for PBXNativeTarget "GPProgressViewTests" */;
			buildPhases = (
				A99DF0231D77FEB400A70A59 /* Sources */,
				A99DF0241D77FEB400A70A59 /* Frameworks */,
				A99DF0251D77FEB400A70A59 /* Resources */,
			);
			buildRules = (
			);
			dependencies = (
				A99DF02A1D77FEB400A70A59 /* PBXTargetDependency */,
			);
			name = GPProgressViewTests;
			productName = GPProgressViewTests;
			productReference = A99DF0271D77FEB400A70A59 /* GPProgressViewTests.xctest */;
			productType = "com.apple.product-type.bundle.unit-test";
		};
/* End PBXNativeTarget section */

/* Begin PBXProject section */
		A99DF0141D77FEB300A70A59 /* Project object */ = {
			isa = PBXProject;
			attributes = {
				LastSwiftUpdateCheck = 0730;
				LastUpgradeCheck = 0730;
				ORGANIZATIONNAME = GovindPrajapati;
				TargetAttributes = {
					A99DF01C1D77FEB300A70A59 = {
						CreatedOnToolsVersion = 7.3;
					};
					A99DF0261D77FEB400A70A59 = {
						CreatedOnToolsVersion = 7.3;
					};
				};
			};
			buildConfigurationList = A99DF0171D77FEB300A70A59 /* Build configuration list for PBXProject "GPProgressView" */;
			compatibilityVersion = "Xcode 3.2";
			developmentRegion = English;
			hasScannedForEncodings = 0;
			knownRegions = (
				en,
			);
			mainGroup = A99DF0131D77FEB300A70A59;
			productRefGroup = A99DF01E1D77FEB300A70A59 /* Products */;
			projectDirPath = "";
			projectRoot = "";
			targets = (
				A99DF01C1D77FEB300A70A59 /* GPProgressView */,
				A99DF0261D77FEB400A70A59 /* GPProgressViewTests */,
			);
		};
/* End PBXProject section */

/* Begin PBXResourcesBuildPhase section */
		A99DF01B1D77FEB300A70A59 /* Resources */ = {
			isa = PBXResourcesBuildPhase;
			buildActionMask = 2147483647;
			files = (
			);
			runOnlyForDeploymentPostprocessing = 0;
		};
		A99DF0251D77FEB400A70A59 /* Resources */ = {
			isa = PBXResourcesBuildPhase;
			buildActionMask = 2147483647;
			files = (
			);
			runOnlyForDeploymentPostprocessing = 0;
		};
/* End PBXResourcesBuildPhase section */

/* Begin PBXSourcesBuildPhase section */
		A99DF0181D77FEB300A70A59 /* Sources */ = {
			isa = PBXSourcesBuildPhase;
			buildActionMask = 2147483647;
			files = (
				A99DF0381D77FFDB00A70A59 /* GPProgressView.swift in Sources */,
			);
			runOnlyForDeploymentPostprocessing = 0;
		};
		A99DF0231D77FEB400A70A59 /* Sources */ = {
			isa = PBXSourcesBuildPhase;
			buildActionMask = 2147483647;
			files = (
				A99DF02D1D77FEB400A70A59 /* GPProgressViewTests.swift in Sources */,
				A99DF0621D78086200A70A59 /* GPProgressTests.swift in Sources */,
			);
			runOnlyForDeploymentPostprocessing = 0;
		};
/* End PBXSourcesBuildPhase section */

/* Begin PBXTargetDependency section */
		A99DF02A1D77FEB400A70A59 /* PBXTargetDependency */ = {
			isa = PBXTargetDependency;
			target = A99DF01C1D77FEB300A70A59 /* GPProgressView */;
			targetProxy = A99DF0291D77FEB400A70A59 /* PBXContainerItemProxy */;
		};
/* End PBXTargetDependency section */

/* Begin XCBuildConfiguration section */
		A99DF02F1D77FEB400A70A59 /* Debug */ = {
			isa = XCBuildConfiguration;
			buildSettings = {
				ALWAYS_SEARCH_USER_PATHS = NO;
				CLANG_ANALYZER_NONNULL = YES;
				CLANG_CXX_LANGUAGE_STANDARD = "gnu++0x";
				CLANG_CXX_LIBRARY = "libc++";
				CLANG_ENABLE_MODULES = YES;
				CLANG_ENABLE_OBJC_ARC = YES;
				CLANG_WARN_BOOL_CONVERSION = YES;
				CLANG_WARN_CONSTANT_CONVERSION = YES;
				CLANG_WARN_DIRECT_OBJC_ISA_USAGE = YES_ERROR;
				CLANG_WARN_EMPTY_BODY = YES;
				CLANG_WARN_ENUM_CONVERSION = YES;
				CLANG_WARN_INT_CONVERSION = YES;
				CLANG_WARN_OBJC_ROOT_CLASS = YES_ERROR;
				CLANG_WARN_UNREACHABLE_CODE = YES;
				CLANG_WARN__DUPLICATE_METHOD_MATCH = YES;
				"CODE_SIGN_IDENTITY[sdk=iphoneos*]" = "iPhone Developer";
				COPY_PHASE_STRIP = NO;
				CURRENT_PROJECT_VERSION = 1;
				DEBUG_INFORMATION_FORMAT = dwarf;
				ENABLE_STRICT_OBJC_MSGSEND = YES;
				ENABLE_TESTABILITY = YES;
				GCC_C_LANGUAGE_STANDARD = gnu99;
				GCC_DYNAMIC_NO_PIC = NO;
				GCC_NO_COMMON_BLOCKS = YES;
				GCC_OPTIMIZATION_LEVEL = 0;
				GCC_PREPROCESSOR_DEFINITIONS = (
					"DEBUG=1",
					"$(inherited)",
				);
				GCC_WARN_64_TO_32_BIT_CONVERSION = YES;
				GCC_WARN_ABOUT_RETURN_TYPE = YES_ERROR;
				GCC_WARN_UNDECLARED_SELECTOR = YES;
				GCC_WARN_UNINITIALIZED_AUTOS = YES_AGGRESSIVE;
				GCC_WARN_UNUSED_FUNCTION = YES;
				GCC_WARN_UNUSED_VARIABLE = YES;
				IPHONEOS_DEPLOYMENT_TARGET = 9.3;
				MTL_ENABLE_DEBUG_INFO = YES;
				ONLY_ACTIVE_ARCH = YES;
				SDKROOT = iphoneos;
				SWIFT_OPTIMIZATION_LEVEL = "-Onone";
				TARGETED_DEVICE_FAMILY = "1,2";
				VERSIONING_SYSTEM = "apple-generic";
				VERSION_INFO_PREFIX = "";
			};
			name = Debug;
		};
		A99DF0301D77FEB400A70A59 /* Release */ = {
			isa = XCBuildConfiguration;
			buildSettings = {
				ALWAYS_SEARCH_USER_PATHS = NO;
				CLANG_ANALYZER_NONNULL = YES;
				CLANG_CXX_LANGUAGE_STANDARD = "gnu++0x";
				CLANG_CXX_LIBRARY = "libc++";
				CLANG_ENABLE_MODULES = YES;
				CLANG_ENABLE_OBJC_ARC = YES;
				CLANG_WARN_BOOL_CONVERSION = YES;
				CLANG_WARN_CONSTANT_CONVERSION = YES;
				CLANG_WARN_DIRECT_OBJC_ISA_USAGE = YES_ERROR;
				CLANG_WARN_EMPTY_BODY = YES;
				CLANG_WARN_ENUM_CONVERSION = YES;
				CLANG_WARN_INT_CONVERSION = YES;
				CLANG_WARN_OBJC_ROOT_CLASS = YES_ERROR;
				CLANG_WARN_UNREACHABLE_CODE = YES;
				CLANG_WARN__DUPLICATE_METHOD_MATCH = YES;
				"CODE_SIGN_IDENTITY[sdk=iphoneos*]" = "iPhone Developer";
				COPY_PHASE_STRIP = NO;
				CURRENT_PROJECT_VERSION = 1;
				DEBUG_INFORMATION_FORMAT = "dwarf-with-dsym";
				ENABLE_NS_ASSERTIONS = NO;
				ENABLE_STRICT_OBJC_MSGSEND = YES;
				GCC_C_LANGUAGE_STANDARD = gnu99;
				GCC_NO_COMMON_BLOCKS = YES;
				GCC_WARN_64_TO_32_BIT_CONVERSION = YES;
				GCC_WARN_ABOUT_RETURN_TYPE = YES_ERROR;
				GCC_WARN_UNDECLARED_SELECTOR = YES;
				GCC_WARN_UNINITIALIZED_AUTOS = YES_AGGRESSIVE;
				GCC_WARN_UNUSED_FUNCTION = YES;
				GCC_WARN_UNUSED_VARIABLE = YES;
				IPHONEOS_DEPLOYMENT_TARGET = 9.3;
				MTL_ENABLE_DEBUG_INFO = NO;
				SDKROOT = iphoneos;
				TARGETED_DEVICE_FAMILY = "1,2";
				VALIDATE_PRODUCT = YES;
				VERSIONING_SYSTEM = "apple-generic";
				VERSION_INFO_PREFIX = "";
			};
			name = Release;
		};
		A99DF0321D77FEB400A70A59 /* Debug */ = {
			isa = XCBuildConfiguration;
			buildSettings = {
				DEFINES_MODULE = YES;
				DYLIB_COMPATIBILITY_VERSION = 1;
				DYLIB_CURRENT_VERSION = 1;
				DYLIB_INSTALL_NAME_BASE = "@rpath";
				INFOPLIST_FILE = GPProgressView/Info.plist;
				INSTALL_PATH = "$(LOCAL_LIBRARY_DIR)/Frameworks";
				LD_RUNPATH_SEARCH_PATHS = "$(inherited) @executable_path/Frameworks @loader_path/Frameworks";
				PRODUCT_BUNDLE_IDENTIFIER = com.GovindPrajapati.GPProgressView;
				PRODUCT_NAME = "$(TARGET_NAME)";
				SKIP_INSTALL = YES;
			};
			name = Debug;
		};
		A99DF0331D77FEB400A70A59 /* Release */ = {
			isa = XCBuildConfiguration;
			buildSettings = {
				DEFINES_MODULE = YES;
				DYLIB_COMPATIBILITY_VERSION = 1;
				DYLIB_CURRENT_VERSION = 1;
				DYLIB_INSTALL_NAME_BASE = "@rpath";
				INFOPLIST_FILE = GPProgressView/Info.plist;
				INSTALL_PATH = "$(LOCAL_LIBRARY_DIR)/Frameworks";
				LD_RUNPATH_SEARCH_PATHS = "$(inherited) @executable_path/Frameworks @loader_path/Frameworks";
				PRODUCT_BUNDLE_IDENTIFIER = com.GovindPrajapati.GPProgressView;
				PRODUCT_NAME = "$(TARGET_NAME)";
				SKIP_INSTALL = YES;
			};
			name = Release;
		};
		A99DF0351D77FEB400A70A59 /* Debug */ = {
			isa = XCBuildConfiguration;
			buildSettings = {
				INFOPLIST_FILE = GPProgressViewTests/Info.plist;
				LD_RUNPATH_SEARCH_PATHS = "$(inherited) @executable_path/Frameworks @loader_path/Frameworks";
				PRODUCT_BUNDLE_IDENTIFIER = com.GovindPrajapati.GPProgressViewTests;
				PRODUCT_NAME = "$(TARGET_NAME)";
			};
			name = Debug;
		};
		A99DF0361D77FEB400A70A59 /* Release */ = {
			isa = XCBuildConfiguration;
			buildSettings = {
				INFOPLIST_FILE = GPProgressViewTests/Info.plist;
				LD_RUNPATH_SEARCH_PATHS = "$(inherited) @executable_path/Frameworks @loader_path/Frameworks";
				PRODUCT_BUNDLE_IDENTIFIER = com.GovindPrajapati.GPProgressViewTests;
				PRODUCT_NAME = "$(TARGET_NAME)";
			};
			name = Release;
		};
/* End XCBuildConfiguration section */

/* Begin XCConfigurationList section */
		A99DF0171D77FEB300A70A59 /* Build configuration list for PBXProject "GPProgressView" */ = {
			isa = XCConfigurationList;
			buildConfigurations = (
				A99DF02F1D77FEB400A70A59 /* Debug */,
				A99DF0301D77FEB400A70A59 /* Release */,
			);
			defaultConfigurationIsVisible = 0;
			defaultConfigurationName = Release;
		};
		A99DF0311D77FEB400A70A59 /* Build configuration list for PBXNativeTarget "GPProgressView" */ = {
			isa = XCConfigurationList;
			buildConfigurations = (
				A99DF0321D77FEB400A70A59 /* Debug */,
				A99DF0331D77FEB400A70A59 /* Release */,
			);
			defaultConfigurationIsVisible = 0;
			defaultConfigurationName = Release;
		};
		A99DF0341D77FEB400A70A59 /* Build configuration list for PBXNativeTarget "GPProgressViewTests" */ = {
			isa = XCConfigurationList;
			buildConfigurations = (
				A99DF0351D77FEB400A70A59 /* Debug */,
				A99DF0361D77FEB400A70A59 /* Release */,
			);
			defaultConfigurationIsVisible = 0;
			defaultConfigurationName = Release;
		};
/* End XCConfigurationList section */
	};
	rootObject = A99DF0141D77FEB300A70A59 /* Project object */;
}
